
Microsoft Visual Studio Solution File, Format Version 12.00
# Visual Studio Version 17
VisualStudioVersion = 17.0.31919.166
MinimumVisualStudioVersion = 10.0.40219.1
Project("{2150E333-8FDC-42A3-9474-1A3956D46DE8}") = "src", "src", "{A68DEA01-B311-4657-A87F-4F835E267313}"
EndProject
Project("{9A19103F-16F7-4668-BE54-9A1E7A4F7556}") = "TBC.OpenAPI.SDK.OnlineInstallments", "src\TBC.OpenAPI.SDK.OnlineInstallments\TBC.OpenAPI.SDK.OnlineInstallments.csproj", "{A10B4F21-4F48-4050-AD60-125AACDBFA08}"
EndProject
Project("{2150E333-8FDC-42A3-9474-1A3956D46DE8}") = "tests", "tests", "{10523430-313D-4B94-ACA6-1846DBF0B6C2}"
EndProject
Project("{9A19103F-16F7-4668-BE54-9A1E7A4F7556}") = "TBC.OpenAPI.SDK.OnlineInstallments.Tests", "tests\TBC.OpenAPI.SDK.OnlineInstallments.Tests\TBC.OpenAPI.SDK.OnlineInstallments.Tests.csproj", "{41293B3D-6929-49AA-9755-F3F8BEE5FD1D}"
EndProject
Project("{2150E333-8FDC-42A3-9474-1A3956D46DE8}") = "examples", "examples", "{9E5C89E6-D2CA-488B-A78A-DA207CFD249B}"
EndProject
Project("{9A19103F-16F7-4668-BE54-9A1E7A4F7556}") = "CoreConsoleAppExample", "examples\CoreConsoleAppExample\CoreConsoleAppExample.csproj", "{5B0E931E-8A8D-4575-ACCA-BE45CD29878B}"
EndProject
Project("{FAE04EC0-301F-11D3-BF4B-00C04F79EFBC}") = "NetFrameworkExample", "examples\NetFrameworkExample\NetFrameworkExample.csproj", "{D30BABF9-AB3F-4A79-A8DF-822A760B50E1}"
EndProject
Project("{2150E333-8FDC-42A3-9474-1A3956D46DE8}") = "docs", "docs", "{D9521720-5427-4170-9EFF-974FA1B380D3}"
	ProjectSection(SolutionItems) = preProject
		README.md = README.md
	EndProjectSection
EndProject
Project("{2150E333-8FDC-42A3-9474-1A3956D46DE8}") = ".github", ".github", "{01D7BE5F-1C04-4675-A656-8D39C49007BB}"
EndProject
Project("{2150E333-8FDC-42A3-9474-1A3956D46DE8}") = "workflow", "workflow", "{A2E6D19C-8C74-4AAE-A6BA-91DF551EFF80}"
	ProjectSection(SolutionItems) = preProject
		codeql-analysis.yml = codeql-analysis.yml
		dependency-review.yml = dependency-review.yml
		main.yml = main.yml
		nuget.yml = nuget.yml
	EndProjectSection
EndProject
Project("{FAE04EC0-301F-11D3-BF4B-00C04F79EFBC}") = "CoreApiAppExample", "examples\CoreApiAppExample\CoreApiAppExample.csproj", "{8998EA34-4BE4-75E6-DE23-7EDFBC0201E2}"
EndProject
Global
	GlobalSection(SolutionConfigurationPlatforms) = preSolution
		Debug|Any CPU = Debug|Any CPU
		Release|Any CPU = Release|Any CPU
	EndGlobalSection
	GlobalSection(ProjectConfigurationPlatforms) = postSolution
		{A10B4F21-4F48-4050-AD60-125AACDBFA08}.Debug|Any CPU.ActiveCfg = Debug|Any CPU
		{A10B4F21-4F48-4050-AD60-125AACDBFA08}.Debug|Any CPU.Build.0 = Debug|Any CPU
		{A10B4F21-4F48-4050-AD60-125AACDBFA08}.Release|Any CPU.ActiveCfg = Release|Any CPU
		{A10B4F21-4F48-4050-AD60-125AACDBFA08}.Release|Any CPU.Build.0 = Release|Any CPU
		{41293B3D-6929-49AA-9755-F3F8BEE5FD1D}.Debug|Any CPU.ActiveCfg = Debug|Any CPU
		{41293B3D-6929-49AA-9755-F3F8BEE5FD1D}.Debug|Any CPU.Build.0 = Debug|Any CPU
		{41293B3D-6929-49AA-9755-F3F8BEE5FD1D}.Release|Any CPU.ActiveCfg = Release|Any CPU
		{41293B3D-6929-49AA-9755-F3F8BEE5FD1D}.Release|Any CPU.Build.0 = Release|Any CPU
		{5B0E931E-8A8D-4575-ACCA-BE45CD29878B}.Debug|Any CPU.ActiveCfg = Debug|Any CPU
		{5B0E931E-8A8D-4575-ACCA-BE45CD29878B}.Debug|Any CPU.Build.0 = Debug|Any CPU
		{5B0E931E-8A8D-4575-ACCA-BE45CD29878B}.Release|Any CPU.ActiveCfg = Release|Any CPU
		{5B0E931E-8A8D-4575-ACCA-BE45CD29878B}.Release|Any CPU.Build.0 = Release|Any CPU
		{D30BABF9-AB3F-4A79-A8DF-822A760B50E1}.Debug|Any CPU.ActiveCfg = Debug|Any CPU
		{D30BABF9-AB3F-4A79-A8DF-822A760B50E1}.Debug|Any CPU.Build.0 = Debug|Any CPU
		{D30BABF9-AB3F-4A79-A8DF-822A760B50E1}.Release|Any CPU.ActiveCfg = Release|Any CPU
		{D30BABF9-AB3F-4A79-A8DF-822A760B50E1}.Release|Any CPU.Build.0 = Release|Any CPU
		{8998EA34-4BE4-75E6-DE23-7EDFBC0201E2}.Debug|Any CPU.ActiveCfg = Debug|Any CPU
		{8998EA34-4BE4-75E6-DE23-7EDFBC0201E2}.Debug|Any CPU.Build.0 = Debug|Any CPU
		{8998EA34-4BE4-75E6-DE23-7EDFBC0201E2}.Release|Any CPU.ActiveCfg = Release|Any CPU
		{8998EA34-4BE4-75E6-DE23-7EDFBC0201E2}.Release|Any CPU.Build.0 = Release|Any CPU
	EndGlobalSection
	GlobalSection(SolutionProperties) = preSolution
		HideSolutionNode = FALSE
	EndGlobalSection
	GlobalSection(NestedProjects) = preSolution
		{A10B4F21-4F48-4050-AD60-125AACDBFA08} = {A68DEA01-B311-4657-A87F-4F835E267313}
		{41293B3D-6929-49AA-9755-F3F8BEE5FD1D} = {10523430-313D-4B94-ACA6-1846DBF0B6C2}
		{5B0E931E-8A8D-4575-ACCA-BE45CD29878B} = {9E5C89E6-D2CA-488B-A78A-DA207CFD249B}
		{D30BABF9-AB3F-4A79-A8DF-822A760B50E1} = {9E5C89E6-D2CA-488B-A78A-DA207CFD249B}
		{A2E6D19C-8C74-4AAE-A6BA-91DF551EFF80} = {01D7BE5F-1C04-4675-A656-8D39C49007BB}
		{8998EA34-4BE4-75E6-DE23-7EDFBC0201E2} = {9E5C89E6-D2CA-488B-A78A-DA207CFD249B}
	EndGlobalSection
	GlobalSection(ExtensibilityGlobals) = postSolution
		SolutionGuid = {0E5B0916-B46E-4846-B9CE-36EE4A88DDC6}
	EndGlobalSection
EndGlobal
